
Microsoft Visual Studio Solution File, Format Version 12.00
# Visual Studio Version 16
VisualStudioVersion = 16.0.30611.23
MinimumVisualStudioVersion = 10.0.40219.1
Project("{FAE04EC0-301F-11D3-BF4B-00C04F79EFBC}") = "BotTest", "BotTest\BotTest.csproj", "{34008DD5-A637-476F-9F1A-047C2ABD39E3}"
EndProject
Global
	GlobalSection(SolutionConfigurationPlatforms) = preSolution
		Debug|Any CPU = Debug|Any CPU
		Release|Any CPU = Release|Any CPU
	EndGlobalSection
	GlobalSection(ProjectConfigurationPlatforms) = postSolution
		{34008DD5-A637-476F-9F1A-047C2ABD39E3}.Debug|Any CPU.ActiveCfg = Debug|Any CPU
		{34008DD5-A637-476F-9F1A-047C2ABD39E3}.Debug|Any CPU.Build.0 = Debug|Any CPU
		{34008DD5-A637-476F-9F1A-047C2ABD39E3}.Release|Any CPU.ActiveCfg = Release|Any CPU
		{34008DD5-A637-476F-9F1A-047C2ABD39E3}.Release|Any CPU.Build.0 = Release|Any CPU
	EndGlobalSection
	GlobalSection(SolutionProperties) = preSolution
		HideSolutionNode = FALSE
	EndGlobalSection
	GlobalSection(ExtensibilityGlobals) = postSolution
		SolutionGuid = {54C9A810-03AE-4118-92CB-DB872CD8A0F4}
	EndGlobalSection
EndGlobal
